
Microsoft Visual Studio Solution File, Format Version 12.00
# Visual Studio 15
VisualStudioVersion = 15.0.28307.757
MinimumVisualStudioVersion = 10.0.40219.1
Project("{FAE04EC0-301F-11D3-BF4B-00C04F79EFBC}") = "SalesWebMvcSecond", "SalesWebMvcSecond\SalesWebMvcSecond.csproj", "{D8F4E791-C914-4ED2-AF79-A6C59266511F}"
EndProject
Global
	GlobalSection(SolutionConfigurationPlatforms) = preSolution
		Debug|Any CPU = Debug|Any CPU
		Release|Any CPU = Release|Any CPU
	EndGlobalSection
	GlobalSection(ProjectConfigurationPlatforms) = postSolution
		{D8F4E791-C914-4ED2-AF79-A6C59266511F}.Debug|Any CPU.ActiveCfg = Debug|Any CPU
		{D8F4E791-C914-4ED2-AF79-A6C59266511F}.Debug|Any CPU.Build.0 = Debug|Any CPU
		{D8F4E791-C914-4ED2-AF79-A6C59266511F}.Release|Any CPU.ActiveCfg = Release|Any CPU
		{D8F4E791-C914-4ED2-AF79-A6C59266511F}.Release|Any CPU.Build.0 = Release|Any CPU
	EndGlobalSection
	GlobalSection(SolutionProperties) = preSolution
		HideSolutionNode = FALSE
	EndGlobalSection
	GlobalSection(ExtensibilityGlobals) = postSolution
		SolutionGuid = {2BF39664-2AD1-4595-98BF-B2BF8103A059}
	EndGlobalSection
EndGlobal
